
Microsoft Visual Studio Solution File, Format Version 12.00
# Visual Studio 15
VisualStudioVersion = 15.0.26124.0
MinimumVisualStudioVersion = 15.0.26124.0
Project("{FAE04EC0-301F-11D3-BF4B-00C04F79EFBC}") = "AppWithPlugin", "AppWithPlugin\AppWithPlugin.csproj", "{7989E3B7-6E6A-4959-8FE7-FBC3F7BD43A4}"
EndProject
Project("{FAE04EC0-301F-11D3-BF4B-00C04F79EFBC}") = "PluginBase", "PluginBase\PluginBase.csproj", "{5B73241F-0739-44B5-9A0A-B6CC8ABF0249}"
EndProject
Project("{FAE04EC0-301F-11D3-BF4B-00C04F79EFBC}") = "HelloPlugin", "UsersJsonPlugin\UsersJsonPlugin.csproj", "{913D2991-49A2-44D2-B3AE-759C0136813E}"
EndProject
Global
	GlobalSection(SolutionConfigurationPlatforms) = preSolution
		Debug|Any CPU = Debug|Any CPU
		Debug|x64 = Debug|x64
		Debug|x86 = Debug|x86
		Release|Any CPU = Release|Any CPU
		Release|x64 = Release|x64
		Release|x86 = Release|x86
	EndGlobalSection
	GlobalSection(SolutionProperties) = preSolution
		HideSolutionNode = FALSE
	EndGlobalSection
	GlobalSection(ProjectConfigurationPlatforms) = postSolution
		{7989E3B7-6E6A-4959-8FE7-FBC3F7BD43A4}.Debug|Any CPU.ActiveCfg = Debug|Any CPU
		{7989E3B7-6E6A-4959-8FE7-FBC3F7BD43A4}.Debug|Any CPU.Build.0 = Debug|Any CPU
		{7989E3B7-6E6A-4959-8FE7-FBC3F7BD43A4}.Debug|x64.ActiveCfg = Debug|Any CPU
		{7989E3B7-6E6A-4959-8FE7-FBC3F7BD43A4}.Debug|x64.Build.0 = Debug|Any CPU
		{7989E3B7-6E6A-4959-8FE7-FBC3F7BD43A4}.Debug|x86.ActiveCfg = Debug|Any CPU
		{7989E3B7-6E6A-4959-8FE7-FBC3F7BD43A4}.Debug|x86.Build.0 = Debug|Any CPU
		{7989E3B7-6E6A-4959-8FE7-FBC3F7BD43A4}.Release|Any CPU.ActiveCfg = Release|Any CPU
		{7989E3B7-6E6A-4959-8FE7-FBC3F7BD43A4}.Release|Any CPU.Build.0 = Release|Any CPU
		{7989E3B7-6E6A-4959-8FE7-FBC3F7BD43A4}.Release|x64.ActiveCfg = Release|Any CPU
		{7989E3B7-6E6A-4959-8FE7-FBC3F7BD43A4}.Release|x64.Build.0 = Release|Any CPU
		{7989E3B7-6E6A-4959-8FE7-FBC3F7BD43A4}.Release|x86.ActiveCfg = Release|Any CPU
		{7989E3B7-6E6A-4959-8FE7-FBC3F7BD43A4}.Release|x86.Build.0 = Release|Any CPU
		{5B73241F-0739-44B5-9A0A-B6CC8ABF0249}.Debug|Any CPU.ActiveCfg = Debug|Any CPU
		{5B73241F-0739-44B5-9A0A-B6CC8ABF0249}.Debug|Any CPU.Build.0 = Debug|Any CPU
		{5B73241F-0739-44B5-9A0A-B6CC8ABF0249}.Debug|x64.ActiveCfg = Debug|Any CPU
		{5B73241F-0739-44B5-9A0A-B6CC8ABF0249}.Debug|x64.Build.0 = Debug|Any CPU
		{5B73241F-0739-44B5-9A0A-B6CC8ABF0249}.Debug|x86.ActiveCfg = Debug|Any CPU
		{5B73241F-0739-44B5-9A0A-B6CC8ABF0249}.Debug|x86.Build.0 = Debug|Any CPU
		{5B73241F-0739-44B5-9A0A-B6CC8ABF0249}.Release|Any CPU.ActiveCfg = Release|Any CPU
		{5B73241F-0739-44B5-9A0A-B6CC8ABF0249}.Release|Any CPU.Build.0 = Release|Any CPU
		{5B73241F-0739-44B5-9A0A-B6CC8ABF0249}.Release|x64.ActiveCfg = Release|Any CPU
		{5B73241F-0739-44B5-9A0A-B6CC8ABF0249}.Release|x64.Build.0 = Release|Any CPU
		{5B73241F-0739-44B5-9A0A-B6CC8ABF0249}.Release|x86.ActiveCfg = Release|Any CPU
		{5B73241F-0739-44B5-9A0A-B6CC8ABF0249}.Release|x86.Build.0 = Release|Any CPU
		{913D2991-49A2-44D2-B3AE-759C0136813E}.Debug|Any CPU.ActiveCfg = Debug|Any CPU
		{913D2991-49A2-44D2-B3AE-759C0136813E}.Debug|Any CPU.Build.0 = Debug|Any CPU
		{913D2991-49A2-44D2-B3AE-759C0136813E}.Debug|x64.ActiveCfg = Debug|Any CPU
		{913D2991-49A2-44D2-B3AE-759C0136813E}.Debug|x64.Build.0 = Debug|Any CPU
		{913D2991-49A2-44D2-B3AE-759C0136813E}.Debug|x86.ActiveCfg = Debug|Any CPU
		{913D2991-49A2-44D2-B3AE-759C0136813E}.Debug|x86.Build.0 = Debug|Any CPU
		{913D2991-49A2-44D2-B3AE-759C0136813E}.Release|Any CPU.ActiveCfg = Release|Any CPU
		{913D2991-49A2-44D2-B3AE-759C0136813E}.Release|Any CPU.Build.0 = Release|Any CPU
		{913D2991-49A2-44D2-B3AE-759C0136813E}.Release|x64.ActiveCfg = Release|Any CPU
		{913D2991-49A2-44D2-B3AE-759C0136813E}.Release|x64.Build.0 = Release|Any CPU
		{913D2991-49A2-44D2-B3AE-759C0136813E}.Release|x86.ActiveCfg = Release|Any CPU
		{913D2991-49A2-44D2-B3AE-759C0136813E}.Release|x86.Build.0 = Release|Any CPU
	EndGlobalSection
EndGlobal
